
Microsoft Visual Studio Solution File, Format Version 12.00
# Visual Studio Version 17
VisualStudioVersion = 17.11.35327.3
MinimumVisualStudioVersion = 10.0.40219.1
Project("{FAE04EC0-301F-11D3-BF4B-00C04F79EFBC}") = "aula_poo", "aula_poo\aula_poo.csproj", "{CC1FBE59-4D6F-452A-A35C-6CC03F7E2EF0}"
EndProject
Global
	GlobalSection(SolutionConfigurationPlatforms) = preSolution
		Debug|Any CPU = Debug|Any CPU
		Release|Any CPU = Release|Any CPU
	EndGlobalSection
	GlobalSection(ProjectConfigurationPlatforms) = postSolution
		{CC1FBE59-4D6F-452A-A35C-6CC03F7E2EF0}.Debug|Any CPU.ActiveCfg = Debug|Any CPU
		{CC1FBE59-4D6F-452A-A35C-6CC03F7E2EF0}.Debug|Any CPU.Build.0 = Debug|Any CPU
		{CC1FBE59-4D6F-452A-A35C-6CC03F7E2EF0}.Release|Any CPU.ActiveCfg = Release|Any CPU
		{CC1FBE59-4D6F-452A-A35C-6CC03F7E2EF0}.Release|Any CPU.Build.0 = Release|Any CPU
	EndGlobalSection
	GlobalSection(SolutionProperties) = preSolution
		HideSolutionNode = FALSE
	EndGlobalSection
	GlobalSection(ExtensibilityGlobals) = postSolution
		SolutionGuid = {2B012A17-5ABF-48EE-A6C9-BDDE3345F657}
	EndGlobalSection
EndGlobal
